// !$*UTF8*$!
{
	archiveVersion = 1;
	classes = {
	};
	objectVersion = 46;
	objects = {

/* Begin PBXBuildFile section */
		49003971136CA8F3005C0BC7 /* TODO.rtf in Resources */ = {isa = PBXBuildFile; fileRef = 49003970136CA8F3005C0BC7 /* TODO.rtf */; };
		49003974136CAEA1005C0BC7 /* xkcd.icns in Resources */ = {isa = PBXBuildFile; fileRef = 49003973136CAEA1005C0BC7 /* xkcd.icns */; };
		499E07E11364C4F50010E646 /* RegexKitLite.m in Sources */ = {isa = PBXBuildFile; fileRef = 499E07E01364C4F50010E646 /* RegexKitLite.m */; };
		499E07E31364C5CF0010E646 /* libicucore.dylib in Frameworks */ = {isa = PBXBuildFile; fileRef = 499E07E21364C5CF0010E646 /* libicucore.dylib */; };
		49A4C6011363C48D00515897 /* Cocoa.framework in Frameworks */ = {isa = PBXBuildFile; fileRef = 49A4C6001363C48D00515897 /* Cocoa.framework */; };
		49A4C60B1363C48D00515897 /* InfoPlist.strings in Resources */ = {isa = PBXBuildFile; fileRef = 49A4C6091363C48D00515897 /* InfoPlist.strings */; };
		49A4C60E1363C48D00515897 /* main.m in Sources */ = {isa = PBXBuildFile; fileRef = 49A4C60D1363C48D00515897 /* main.m */; };
		49A4C6111363C48D00515897 /* Credits.rtf in Resources */ = {isa = PBXBuildFile; fileRef = 49A4C60F1363C48D00515897 /* Credits.rtf */; };
		49A4C6141363C48D00515897 /* XKCD_ReaderAppDelegate.m in Sources */ = {isa = PBXBuildFile; fileRef = 49A4C6131363C48D00515897 /* XKCD_ReaderAppDelegate.m */; };
		49A4C6171363C48D00515897 /* MainMenu.xib in Resources */ = {isa = PBXBuildFile; fileRef = 49A4C6151363C48D00515897 /* MainMenu.xib */; };
		49A4C61E1363C7B200515897 /* Quartz.framework in Frameworks */ = {isa = PBXBuildFile; fileRef = 49A4C61D1363C7B200515897 /* Quartz.framework */; };
		49A4C62B1363DD6300515897 /* WebKit.framework in Frameworks */ = {isa = PBXBuildFile; fileRef = 49A4C62A1363DD6300515897 /* WebKit.framework */; };
		49A4C62E1363DF5400515897 /* xkcd.png in Resources */ = {isa = PBXBuildFile; fileRef = 49A4C62D1363DF5400515897 /* xkcd.png */; };
		49A4C6311363E04500515897 /* XKCDScraper.m in Sources */ = {isa = PBXBuildFile; fileRef = 49A4C6301363E04500515897 /* XKCDScraper.m */; };
		49A4CB60136D25B200A35281 /* arcanum.ttf in Resources */ = {isa = PBXBuildFile; fileRef = 49A4CB5F136D25B200A35281 /* arcanum.ttf */; };
		49C87E1D13642A75008575E0 /* HTMLNode.m in Sources */ = {isa = PBXBuildFile; fileRef = 49C87E1A13642A75008575E0 /* HTMLNode.m */; };
		49C87E1E13642A75008575E0 /* HTMLParser.m in Sources */ = {isa = PBXBuildFile; fileRef = 49C87E1C13642A75008575E0 /* HTMLParser.m */; };
		49C87E2213642AF1008575E0 /* libxml2.2.7.3.dylib in Frameworks */ = {isa = PBXBuildFile; fileRef = 49C87E2113642AF1008575E0 /* libxml2.2.7.3.dylib */; };
/* End PBXBuildFile section */

/* Begin PBXFileReference section */
		49003970136CA8F3005C0BC7 /* TODO.rtf */ = {isa = PBXFileReference; fileEncoding = 4; lastKnownFileType = text.rtf; path = TODO.rtf; sourceTree = "<group>"; };
		49003973136CAEA1005C0BC7 /* xkcd.icns */ = {isa = PBXFileReference; lastKnownFileType = image.icns; path = xkcd.icns; sourceTree = "<group>"; };
		499E07DF1364C4F50010E646 /* RegexKitLite.h */ = {isa = PBXFileReference; fileEncoding = 4; lastKnownFileType = sourcecode.c.h; path = RegexKitLite.h; sourceTree = "<group>"; };
		499E07E01364C4F50010E646 /* RegexKitLite.m */ = {isa = PBXFileReference; fileEncoding = 4; lastKnownFileType = sourcecode.c.objc; path = RegexKitLite.m; sourceTree = "<group>"; };
		499E07E21364C5CF0010E646 /* libicucore.dylib */ = {isa = PBXFileReference; lastKnownFileType = "compiled.mach-o.dylib"; name = libicucore.dylib; path = usr/lib/libicucore.dylib; sourceTree = SDKROOT; };
		49A4C5FC1363C48D00515897 /* XKCD Reader.app */ = {isa = PBXFileReference; explicitFileType = wrapper.application; includeInIndex = 0; path = "XKCD Reader.app"; sourceTree = BUILT_PRODUCTS_DIR; };
		49A4C6001363C48D00515897 /* Cocoa.framework */ = {isa = PBXFileReference; lastKnownFileType = wrapper.framework; name = Cocoa.framework; path = System/Library/Frameworks/Cocoa.framework; sourceTree = SDKROOT; };
		49A4C6031363C48D00515897 /* AppKit.framework */ = {isa = PBXFileReference; lastKnownFileType = wrapper.framework; name = AppKit.framework; path = System/Library/Frameworks/AppKit.framework; sourceTree = SDKROOT; };
		49A4C6041363C48D00515897 /* CoreData.framework */ = {isa = PBXFileReference; lastKnownFileType = wrapper.framework; name = CoreData.framework; path = System/Library/Frameworks/CoreData.framework; sourceTree = SDKROOT; };
		49A4C6051363C48D00515897 /* Foundation.framework */ = {isa = PBXFileReference; lastKnownFileType = wrapper.framework; name = Foundation.framework; path = System/Library/Frameworks/Foundation.framework; sourceTree = SDKROOT; };
		49A4C6081363C48D00515897 /* XKCD Reader-Info.plist */ = {isa = PBXFileReference; lastKnownFileType = text.plist.xml; path = "XKCD Reader-Info.plist"; sourceTree = "<group>"; };
		49A4C60A1363C48D00515897 /* en */ = {isa = PBXFileReference; lastKnownFileType = text.plist.strings; name = en; path = en.lproj/InfoPlist.strings; sourceTree = "<group>"; };
		49A4C60C1363C48D00515897 /* XKCD Reader-Prefix.pch */ = {isa = PBXFileReference; lastKnownFileType = sourcecode.c.h; path = "XKCD Reader-Prefix.pch"; sourceTree = "<group>"; };
		49A4C60D1363C48D00515897 /* main.m */ = {isa = PBXFileReference; lastKnownFileType = sourcecode.c.objc; path = main.m; sourceTree = "<group>"; };
		49A4C6101363C48D00515897 /* en */ = {isa = PBXFileReference; lastKnownFileType = text.rtf; name = en; path = en.lproj/Credits.rtf; sourceTree = "<group>"; };
		49A4C6121363C48D00515897 /* XKCD_ReaderAppDelegate.h */ = {isa = PBXFileReference; lastKnownFileType = sourcecode.c.h; lineEnding = 0; path = XKCD_ReaderAppDelegate.h; sourceTree = "<group>"; xcLanguageSpecificationIdentifier = xcode.lang.objcpp; };
		49A4C6131363C48D00515897 /* XKCD_ReaderAppDelegate.m */ = {isa = PBXFileReference; lastKnownFileType = sourcecode.c.objc; path = XKCD_ReaderAppDelegate.m; sourceTree = "<group>"; };
		49A4C6161363C48D00515897 /* en */ = {isa = PBXFileReference; lastKnownFileType = file.xib; name = en; path = en.lproj/MainMenu.xib; sourceTree = "<group>"; };
		49A4C61D1363C7B200515897 /* Quartz.framework */ = {isa = PBXFileReference; lastKnownFileType = wrapper.framework; name = Quartz.framework; path = System/Library/Frameworks/Quartz.framework; sourceTree = SDKROOT; };
		49A4C62A1363DD6300515897 /* WebKit.framework */ = {isa = PBXFileReference; lastKnownFileType = wrapper.framework; name = WebKit.framework; path = System/Library/Frameworks/WebKit.framework; sourceTree = SDKROOT; };
		49A4C62D1363DF5400515897 /* xkcd.png */ = {isa = PBXFileReference; lastKnownFileType = image.png; path = xkcd.png; sourceTree = "<group>"; };
		49A4C62F1363E04500515897 /* XKCDScraper.h */ = {isa = PBXFileReference; fileEncoding = 4; lastKnownFileType = sourcecode.c.h; path = XKCDScraper.h; sourceTree = "<group>"; };
		49A4C6301363E04500515897 /* XKCDScraper.m */ = {isa = PBXFileReference; fileEncoding = 4; lastKnownFileType = sourcecode.c.objc; path = XKCDScraper.m; sourceTree = "<group>"; };
		49A4CB5F136D25B200A35281 /* arcanum.ttf */ = {isa = PBXFileReference; lastKnownFileType = file; path = arcanum.ttf; sourceTree = "<group>"; };
		49C87E1913642A75008575E0 /* HTMLNode.h */ = {isa = PBXFileReference; fileEncoding = 4; lastKnownFileType = sourcecode.c.h; path = HTMLNode.h; sourceTree = "<group>"; };
		49C87E1A13642A75008575E0 /* HTMLNode.m */ = {isa = PBXFileReference; fileEncoding = 4; lastKnownFileType = sourcecode.c.objc; path = HTMLNode.m; sourceTree = "<group>"; };
		49C87E1B13642A75008575E0 /* HTMLParser.h */ = {isa = PBXFileReference; fileEncoding = 4; lastKnownFileType = sourcecode.c.h; path = HTMLParser.h; sourceTree = "<group>"; };
		49C87E1C13642A75008575E0 /* HTMLParser.m */ = {isa = PBXFileReference; fileEncoding = 4; lastKnownFileType = sourcecode.c.objc; path = HTMLParser.m; sourceTree = "<group>"; };
		49C87E1F13642AA7008575E0 /* README */ = {isa = PBXFileReference; fileEncoding = 4; lastKnownFileType = text; path = README; sourceTree = "<group>"; };
		49C87E2113642AF1008575E0 /* libxml2.2.7.3.dylib */ = {isa = PBXFileReference; lastKnownFileType = "compiled.mach-o.dylib"; name = libxml2.2.7.3.dylib; path = usr/lib/libxml2.2.7.3.dylib; sourceTree = SDKROOT; };
/* End PBXFileReference section */

/* Begin PBXFrameworksBuildPhase section */
		49A4C5F91363C48D00515897 /* Frameworks */ = {
			isa = PBXFrameworksBuildPhase;
			buildActionMask = 2147483647;
			files = (
				499E07E31364C5CF0010E646 /* libicucore.dylib in Frameworks */,
				49C87E2213642AF1008575E0 /* libxml2.2.7.3.dylib in Frameworks */,
				49A4C62B1363DD6300515897 /* WebKit.framework in Frameworks */,
				49A4C61E1363C7B200515897 /* Quartz.framework in Frameworks */,
				49A4C6011363C48D00515897 /* Cocoa.framework in Frameworks */,
			);
			runOnlyForDeploymentPostprocessing = 0;
		};
/* End PBXFrameworksBuildPhase section */

/* Begin PBXGroup section */
		499E07DE1364C4DC0010E646 /* RegexKit Lite */ = {
			isa = PBXGroup;
			children = (
				499E07DF1364C4F50010E646 /* RegexKitLite.h */,
				499E07E01364C4F50010E646 /* RegexKitLite.m */,
			);
			name = "RegexKit Lite";
			sourceTree = "<group>";
		};
		49A4C5F11363C48D00515897 = {
			isa = PBXGroup;
			children = (
				499E07DE1364C4DC0010E646 /* RegexKit Lite */,
				49C87E1713642A50008575E0 /* HTML Parser */,
				49A4C6061363C48D00515897 /* XKCD Reader */,
				49A4C5FF1363C48D00515897 /* Frameworks */,
				49A4C5FD1363C48D00515897 /* Products */,
				49A4C61F1363CAC400515897 /* Resources */,
			);
			sourceTree = "<group>";
		};
		49A4C5FD1363C48D00515897 /* Products */ = {
			isa = PBXGroup;
			children = (
				49A4C5FC1363C48D00515897 /* XKCD Reader.app */,
			);
			name = Products;
			sourceTree = "<group>";
		};
		49A4C5FF1363C48D00515897 /* Frameworks */ = {
			isa = PBXGroup;
			children = (
				49A4C62A1363DD6300515897 /* WebKit.framework */,
				49A4C6001363C48D00515897 /* Cocoa.framework */,
				49A4C61D1363C7B200515897 /* Quartz.framework */,
				49C87E2113642AF1008575E0 /* libxml2.2.7.3.dylib */,
				499E07E21364C5CF0010E646 /* libicucore.dylib */,
				49A4C6021363C48D00515897 /* Other Frameworks */,
			);
			name = Frameworks;
			sourceTree = "<group>";
		};
		49A4C6021363C48D00515897 /* Other Frameworks */ = {
			isa = PBXGroup;
			children = (
				49A4C6031363C48D00515897 /* AppKit.framework */,
				49A4C6041363C48D00515897 /* CoreData.framework */,
				49A4C6051363C48D00515897 /* Foundation.framework */,
			);
			name = "Other Frameworks";
			sourceTree = "<group>";
		};
		49A4C6061363C48D00515897 /* XKCD Reader */ = {
			isa = PBXGroup;
			children = (
				49A4C6121363C48D00515897 /* XKCD_ReaderAppDelegate.h */,
				49A4C6131363C48D00515897 /* XKCD_ReaderAppDelegate.m */,
				49A4C62F1363E04500515897 /* XKCDScraper.h */,
				49A4C6301363E04500515897 /* XKCDScraper.m */,
				49A4C6151363C48D00515897 /* MainMenu.xib */,
				49A4C6071363C48D00515897 /* Supporting Files */,
			);
			path = "XKCD Reader";
			sourceTree = "<group>";
		};
		49A4C6071363C48D00515897 /* Supporting Files */ = {
			isa = PBXGroup;
			children = (
				49A4C6081363C48D00515897 /* XKCD Reader-Info.plist */,
				49A4C6091363C48D00515897 /* InfoPlist.strings */,
				49A4C60C1363C48D00515897 /* XKCD Reader-Prefix.pch */,
				49A4C60D1363C48D00515897 /* main.m */,
				49A4C60F1363C48D00515897 /* Credits.rtf */,
				49003970136CA8F3005C0BC7 /* TODO.rtf */,
			);
			name = "Supporting Files";
			sourceTree = "<group>";
		};
		49A4C61F1363CAC400515897 /* Resources */ = {
			isa = PBXGroup;
			children = (
				49A4CB5F136D25B200A35281 /* arcanum.ttf */,
				49003973136CAEA1005C0BC7 /* xkcd.icns */,
				49A4C62D1363DF5400515897 /* xkcd.png */,
			);
			name = Resources;
			sourceTree = "<group>";
		};
		49C87E1713642A50008575E0 /* HTML Parser */ = {
			isa = PBXGroup;
			children = (
				49C87E1913642A75008575E0 /* HTMLNode.h */,
				49C87E1A13642A75008575E0 /* HTMLNode.m */,
				49C87E1B13642A75008575E0 /* HTMLParser.h */,
				49C87E1C13642A75008575E0 /* HTMLParser.m */,
				49C87E1F13642AA7008575E0 /* README */,
			);
			name = "HTML Parser";
			sourceTree = "<group>";
		};
/* End PBXGroup section */

/* Begin PBXNativeTarget section */
		49A4C5FB1363C48D00515897 /* XKCD Reader */ = {
			isa = PBXNativeTarget;
			buildConfigurationList = 49A4C61A1363C48D00515897 /* Build configuration list for PBXNativeTarget "XKCD Reader" */;
			buildPhases = (
				49A4C5F81363C48D00515897 /* Sources */,
				49A4C5F91363C48D00515897 /* Frameworks */,
				49A4C5FA1363C48D00515897 /* Resources */,
			);
			buildRules = (
			);
			dependencies = (
			);
			name = "XKCD Reader";
			productName = "XKCD Reader";
			productReference = 49A4C5FC1363C48D00515897 /* XKCD Reader.app */;
			productType = "com.apple.product-type.application";
		};
/* End PBXNativeTarget section */

/* Begin PBXProject section */
		49A4C5F31363C48D00515897 /* Project object */ = {
			isa = PBXProject;
			buildConfigurationList = 49A4C5F61363C48D00515897 /* Build configuration list for PBXProject "XKCD Reader" */;
			compatibilityVersion = "Xcode 3.2";
			developmentRegion = English;
			hasScannedForEncodings = 0;
			knownRegions = (
				en,
				English,
			);
			mainGroup = 49A4C5F11363C48D00515897;
			productRefGroup = 49A4C5FD1363C48D00515897 /* Products */;
			projectDirPath = "";
			projectRoot = "";
			targets = (
				49A4C5FB1363C48D00515897 /* XKCD Reader */,
			);
		};
/* End PBXProject section */

/* Begin PBXResourcesBuildPhase section */
		49A4C5FA1363C48D00515897 /* Resources */ = {
			isa = PBXResourcesBuildPhase;
			buildActionMask = 2147483647;
			files = (
				49A4C60B1363C48D00515897 /* InfoPlist.strings in Resources */,
				49A4C6111363C48D00515897 /* Credits.rtf in Resources */,
				49A4C6171363C48D00515897 /* MainMenu.xib in Resources */,
				49A4C62E1363DF5400515897 /* xkcd.png in Resources */,
				49003971136CA8F3005C0BC7 /* TODO.rtf in Resources */,
				49003974136CAEA1005C0BC7 /* xkcd.icns in Resources */,
				49A4CB60136D25B200A35281 /* arcanum.ttf in Resources */,
			);
			runOnlyForDeploymentPostprocessing = 0;
		};
/* End PBXResourcesBuildPhase section */

/* Begin PBXSourcesBuildPhase section */
		49A4C5F81363C48D00515897 /* Sources */ = {
			isa = PBXSourcesBuildPhase;
			buildActionMask = 2147483647;
			files = (
				49A4C60E1363C48D00515897 /* main.m in Sources */,
				49A4C6141363C48D00515897 /* XKCD_ReaderAppDelegate.m in Sources */,
				49A4C6311363E04500515897 /* XKCDScraper.m in Sources */,
				49C87E1D13642A75008575E0 /* HTMLNode.m in Sources */,
				49C87E1E13642A75008575E0 /* HTMLParser.m in Sources */,
				499E07E11364C4F50010E646 /* RegexKitLite.m in Sources */,
			);
			runOnlyForDeploymentPostprocessing = 0;
		};
/* End PBXSourcesBuildPhase section */

/* Begin PBXVariantGroup section */
		49A4C6091363C48D00515897 /* InfoPlist.strings */ = {
			isa = PBXVariantGroup;
			children = (
				49A4C60A1363C48D00515897 /* en */,
			);
			name = InfoPlist.strings;
			sourceTree = "<group>";
		};
		49A4C60F1363C48D00515897 /* Credits.rtf */ = {
			isa = PBXVariantGroup;
			children = (
				49A4C6101363C48D00515897 /* en */,
			);
			name = Credits.rtf;
			sourceTree = "<group>";
		};
		49A4C6151363C48D00515897 /* MainMenu.xib */ = {
			isa = PBXVariantGroup;
			children = (
				49A4C6161363C48D00515897 /* en */,
			);
			name = MainMenu.xib;
			sourceTree = "<group>";
		};
/* End PBXVariantGroup section */

/* Begin XCBuildConfiguration section */
		49A4C6181363C48D00515897 /* Debug */ = {
			isa = XCBuildConfiguration;
			buildSettings = {
				ARCHS = "$(ARCHS_STANDARD_32_64_BIT)";
				GCC_C_LANGUAGE_STANDARD = gnu99;
				GCC_OPTIMIZATION_LEVEL = 0;
				GCC_PREPROCESSOR_DEFINITIONS = DEBUG;
				GCC_SYMBOLS_PRIVATE_EXTERN = NO;
				GCC_VERSION = com.apple.compilers.llvm.clang.1_0;
				GCC_WARN_64_TO_32_BIT_CONVERSION = YES;
				GCC_WARN_ABOUT_RETURN_TYPE = YES;
				GCC_WARN_UNUSED_VARIABLE = YES;
				MACOSX_DEPLOYMENT_TARGET = 10.6;
				ONLY_ACTIVE_ARCH = YES;
				SDKROOT = macosx;
			};
			name = Debug;
		};
		49A4C6191363C48D00515897 /* Release */ = {
			isa = XCBuildConfiguration;
			buildSettings = {
				ARCHS = "$(ARCHS_STANDARD_32_64_BIT)";
				GCC_C_LANGUAGE_STANDARD = gnu99;
				GCC_VERSION = com.apple.compilers.llvm.clang.1_0;
				GCC_WARN_64_TO_32_BIT_CONVERSION = YES;
				GCC_WARN_ABOUT_RETURN_TYPE = YES;
				GCC_WARN_UNUSED_VARIABLE = YES;
				MACOSX_DEPLOYMENT_TARGET = 10.6;
				SDKROOT = macosx;
			};
			name = Release;
		};
		49A4C61B1363C48D00515897 /* Debug */ = {
			isa = XCBuildConfiguration;
			buildSettings = {
				ALWAYS_SEARCH_USER_PATHS = NO;
				COPY_PHASE_STRIP = NO;
				CURRENT_PROJECT_VERSION = 0.0.1;
				FRAMEWORK_SEARCH_PATHS = "$(inherited)";
				GCC_DYNAMIC_NO_PIC = NO;
				GCC_ENABLE_OBJC_EXCEPTIONS = YES;
				GCC_PRECOMPILE_PREFIX_HEADER = YES;
				GCC_PREFIX_HEADER = "XKCD Reader/XKCD Reader-Prefix.pch";
				HEADER_SEARCH_PATHS = /usr/include/libxml2;
				INFOPLIST_FILE = "XKCD Reader/XKCD Reader-Info.plist";
				PRODUCT_NAME = "$(TARGET_NAME)";
				RUN_CLANG_STATIC_ANALYZER = YES;
				VALIDATE_PRODUCT = YES;
				VERSIONING_SYSTEM = "";
				WRAPPER_EXTENSION = app;
			};
			name = Debug;
		};
		49A4C61C1363C48D00515897 /* Release */ = {
			isa = XCBuildConfiguration;
			buildSettings = {
				ALWAYS_SEARCH_USER_PATHS = NO;
				COPY_PHASE_STRIP = YES;
				CURRENT_PROJECT_VERSION = 0.0.1;
				DEBUG_INFORMATION_FORMAT = "dwarf-with-dsym";
				FRAMEWORK_SEARCH_PATHS = "$(inherited)";
				GCC_ENABLE_OBJC_EXCEPTIONS = YES;
				GCC_PRECOMPILE_PREFIX_HEADER = YES;
				GCC_PREFIX_HEADER = "XKCD Reader/XKCD Reader-Prefix.pch";
				HEADER_SEARCH_PATHS = /usr/include/libxml2;
				INFOPLIST_FILE = "XKCD Reader/XKCD Reader-Info.plist";
				ONLY_ACTIVE_ARCH = YES;
				PRODUCT_NAME = "$(TARGET_NAME)";
				RUN_CLANG_STATIC_ANALYZER = YES;
				VALIDATE_PRODUCT = YES;
				VERSIONING_SYSTEM = "";
				WRAPPER_EXTENSION = app;
			};
			name = Release;
		};
/* End XCBuildConfiguration section */

/* Begin XCConfigurationList section */
		49A4C5F61363C48D00515897 /* Build configuration list for PBXProject "XKCD Reader" */ = {
			isa = XCConfigurationList;
			buildConfigurations = (
				49A4C6181363C48D00515897 /* Debug */,
				49A4C6191363C48D00515897 /* Release */,
			);
			defaultConfigurationIsVisible = 0;
			defaultConfigurationName = Release;
		};
		49A4C61A1363C48D00515897 /* Build configuration list for PBXNativeTarget "XKCD Reader" */ = {
			isa = XCConfigurationList;
			buildConfigurations = (
				49A4C61B1363C48D00515897 /* Debug */,
				49A4C61C1363C48D00515897 /* Release */,
			);
			defaultConfigurationIsVisible = 0;
			defaultConfigurationName = Release;
		};
/* End XCConfigurationList section */
	};
	rootObject = 49A4C5F31363C48D00515897 /* Project object */;
}
